
Microsoft Visual Studio Solution File, Format Version 12.00
# Visual Studio 2013
VisualStudioVersion = 12.0.40629.0
MinimumVisualStudioVersion = 10.0.40219.1
Project("{2150E333-8FDC-42A3-9474-1A3956D46DE8}") = "简单工厂模式", "简单工厂模式", "{C6C18650-7EA2-4BF5-9E77-DE6A113AC02B}"
EndProject
Project("{FAE04EC0-301F-11D3-BF4B-00C04F79EFBC}") = "SimpleFactory", "SimpleFactory\SimpleFactory.csproj", "{8FC5C7C7-A416-47B8-8B1F-996B697D4383}"
EndProject
Project("{2150E333-8FDC-42A3-9474-1A3956D46DE8}") = "策略模式", "策略模式", "{A4CF56D8-77B6-4849-B24E-B30D7EDA9A17}"
EndProject
Project("{FAE04EC0-301F-11D3-BF4B-00C04F79EFBC}") = "Strategy", "Strategy\Strategy.csproj", "{64F2C5D5-B2F4-41CB-8CB1-36120A995545}"
EndProject
Project("{2150E333-8FDC-42A3-9474-1A3956D46DE8}") = "原则", "原则", "{56DBDE5A-B72D-41BF-A87A-18DAB36922CF}"
	ProjectSection(SolutionItems) = preProject
		Principle.txt = Principle.txt
	EndProjectSection
EndProject
Project("{2150E333-8FDC-42A3-9474-1A3956D46DE8}") = "装饰模式", "装饰模式", "{1ECE7B9C-60E4-48DA-8CFC-7B06289BFC17}"
EndProject
Project("{FAE04EC0-301F-11D3-BF4B-00C04F79EFBC}") = "Decorator", "Decorator\Decorator.csproj", "{508A79F6-7563-45A9-A4BC-D0B804AF2006}"
EndProject
Project("{2150E333-8FDC-42A3-9474-1A3956D46DE8}") = "UML类图", "UML类图", "{2DB7750D-FC4B-45FA-A97D-9D6D5E2CC0CA}"
EndProject
Project("{F088123C-0E9E-452A-89E6-6BA2F21D5CAC}") = "DesignModel", "DesignModel\DesignModel.modelproj", "{51E8D47D-23FC-48E6-8D91-797F6C4E179B}"
EndProject
Project("{2150E333-8FDC-42A3-9474-1A3956D46DE8}") = "代理模式", "代理模式", "{4156482B-3D1A-4ADB-9C57-8BF6193E34D2}"
EndProject
Project("{FAE04EC0-301F-11D3-BF4B-00C04F79EFBC}") = "Proxy", "Proxy\Proxy.csproj", "{3CB21C86-3F82-4DEF-88AD-905A884637AB}"
EndProject
Project("{2150E333-8FDC-42A3-9474-1A3956D46DE8}") = "工厂方法模式", "工厂方法模式", "{81C18DF1-37CB-4793-BB9D-5DBE8D5CC9A9}"
EndProject
Project("{FAE04EC0-301F-11D3-BF4B-00C04F79EFBC}") = "Factory", "Factory\Factory.csproj", "{E632E5B0-1537-4A32-971B-C11AC700BB80}"
EndProject
Project("{2150E333-8FDC-42A3-9474-1A3956D46DE8}") = "主程序", "主程序", "{F6D74FB9-373E-4540-91CC-98500457CC3C}"
EndProject
Project("{2150E333-8FDC-42A3-9474-1A3956D46DE8}") = "原型模式", "原型模式", "{B73C3698-BD13-4F17-AC73-0B619B111D5E}"
EndProject
Project("{FAE04EC0-301F-11D3-BF4B-00C04F79EFBC}") = "Prototype", "Prototype\Prototype.csproj", "{16018D07-830B-498C-B6E0-88732CAC41DA}"
EndProject
Project("{2150E333-8FDC-42A3-9474-1A3956D46DE8}") = "模板方法模式", "模板方法模式", "{118DAC48-7673-420C-913A-2375D99CC35A}"
EndProject
Project("{FAE04EC0-301F-11D3-BF4B-00C04F79EFBC}") = "TemplateMethod", "TemplateMethod\TemplateMethod.csproj", "{04218AAA-A42C-4A67-AB3A-3DE06AD61FE9}"
EndProject
Project("{2150E333-8FDC-42A3-9474-1A3956D46DE8}") = "外观模式", "外观模式", "{DBF8B5FA-06B8-4F37-8C0F-0427DE0A5A09}"
EndProject
Project("{FAE04EC0-301F-11D3-BF4B-00C04F79EFBC}") = "Facade", "Facade\Facade.csproj", "{C985C6A1-10DE-4787-AA24-E95FAD46C024}"
EndProject
Project("{2150E333-8FDC-42A3-9474-1A3956D46DE8}") = "建造者模式", "建造者模式", "{5C056733-CDDF-40EF-8E5B-7FCE51256AF1}"
EndProject
Project("{FAE04EC0-301F-11D3-BF4B-00C04F79EFBC}") = "Builder", "Builder\Builder.csproj", "{FB3F601C-8A67-4651-96C1-627379497207}"
EndProject
Project("{2150E333-8FDC-42A3-9474-1A3956D46DE8}") = "观察者模式", "观察者模式", "{042AFB58-AD67-409D-AD0B-BB61B77F2402}"
EndProject
Project("{FAE04EC0-301F-11D3-BF4B-00C04F79EFBC}") = "Observer", "Observer\Observer.csproj", "{8A57037F-C2D9-4534-AF2E-9A44A3C62260}"
EndProject
Project("{2150E333-8FDC-42A3-9474-1A3956D46DE8}") = "抽象工厂模式", "抽象工厂模式", "{301DCFDC-36B4-4E8B-8714-BC8C4E61BA13}"
EndProject
Project("{FAE04EC0-301F-11D3-BF4B-00C04F79EFBC}") = "AbstractFactory", "AbstractFactory\AbstractFactory.csproj", "{CA9170AF-A3A9-4868-B2A4-91DDE1DDEB6A}"
EndProject
Project("{2150E333-8FDC-42A3-9474-1A3956D46DE8}") = "状态模式", "状态模式", "{3504079B-0055-42DC-A478-AD8DBB13105F}"
EndProject
Project("{2150E333-8FDC-42A3-9474-1A3956D46DE8}") = "适配器模式", "适配器模式", "{66AD7083-0F1A-4397-9AAB-A6173D8850E8}"
EndProject
Project("{2150E333-8FDC-42A3-9474-1A3956D46DE8}") = "备忘录模式", "备忘录模式", "{C1EBB7CA-2E0C-4F94-89E9-A5D04C81E06F}"
EndProject
Project("{2150E333-8FDC-42A3-9474-1A3956D46DE8}") = "组合模式", "组合模式", "{2DB8EA4A-80C1-42EA-8EC9-BFB3F111FE84}"
EndProject
Project("{2150E333-8FDC-42A3-9474-1A3956D46DE8}") = "迭代器模式", "迭代器模式", "{6F50F852-8025-4B23-A521-6454C6C2F49A}"
EndProject
Project("{2150E333-8FDC-42A3-9474-1A3956D46DE8}") = "单例模式", "单例模式", "{6941313C-AAB0-4561-B2BD-E4418215AEB2}"
EndProject
Project("{2150E333-8FDC-42A3-9474-1A3956D46DE8}") = "桥接模式", "桥接模式", "{9BADC201-5B37-44AB-8390-413C38520F95}"
EndProject
Project("{2150E333-8FDC-42A3-9474-1A3956D46DE8}") = "命令模式", "命令模式", "{8976903B-7292-4E5D-861A-5EC17FD9752A}"
EndProject
Project("{2150E333-8FDC-42A3-9474-1A3956D46DE8}") = "职责链模式", "职责链模式", "{DCD6228A-ADC9-4990-A40B-B8D347D4B3D8}"
EndProject
Project("{2150E333-8FDC-42A3-9474-1A3956D46DE8}") = "中介者模式", "中介者模式", "{D5520124-4F63-42BE-8D4D-1EB1400D9B4E}"
EndProject
Project("{2150E333-8FDC-42A3-9474-1A3956D46DE8}") = "享元模式", "享元模式", "{7BB6255E-060B-4B49-828D-2E8CB10DA78B}"
EndProject
Project("{2150E333-8FDC-42A3-9474-1A3956D46DE8}") = "解释器模式", "解释器模式", "{97CEB78D-7AD7-4D23-B702-66FC6F61E40E}"
EndProject
Project("{2150E333-8FDC-42A3-9474-1A3956D46DE8}") = "访问者模式", "访问者模式", "{E4B6E39B-C5E7-4CCE-B8DB-EF9B28D2C2D9}"
EndProject
Project("{FAE04EC0-301F-11D3-BF4B-00C04F79EFBC}") = "State", "State\State.csproj", "{D09A2885-C5E7-4773-92CF-F621BB3A8445}"
EndProject
Project("{FAE04EC0-301F-11D3-BF4B-00C04F79EFBC}") = "Adapter", "Adapter\Adapter.csproj", "{FE26C2B2-5B89-485E-830B-5EF276D346B3}"
EndProject
Project("{FAE04EC0-301F-11D3-BF4B-00C04F79EFBC}") = "Memento", "Memento\Memento.csproj", "{CD13B153-29AA-4870-BCF0-2E1B27A5CF1B}"
EndProject
Project("{FAE04EC0-301F-11D3-BF4B-00C04F79EFBC}") = "Composite", "Composite\Composite.csproj", "{5BC3C9E2-3CDD-49E9-A948-245660CE675E}"
EndProject
Project("{FAE04EC0-301F-11D3-BF4B-00C04F79EFBC}") = "Iterator", "Iterator\Iterator.csproj", "{58900B8F-ED35-4BC5-A469-130DFF896DE4}"
EndProject
Project("{FAE04EC0-301F-11D3-BF4B-00C04F79EFBC}") = "Singleton", "Singleton\Singleton.csproj", "{0AA837FE-7B42-4EBE-A248-607D6950E0C9}"
EndProject
Project("{FAE04EC0-301F-11D3-BF4B-00C04F79EFBC}") = "Bridge", "Bridge\Bridge.csproj", "{DAE07CCB-22E8-4B8E-944A-CA9D53100A1A}"
EndProject
Project("{FAE04EC0-301F-11D3-BF4B-00C04F79EFBC}") = "Command", "Command\Command.csproj", "{65DEFA12-8200-4397-B728-24E035AED848}"
EndProject
Project("{FAE04EC0-301F-11D3-BF4B-00C04F79EFBC}") = "ChainOfResponsibility", "ChainOfResponsibility\ChainOfResponsibility.csproj", "{B05010BD-1BEE-46BE-91FB-8E5D140C4B31}"
EndProject
Project("{FAE04EC0-301F-11D3-BF4B-00C04F79EFBC}") = "Mediator", "Mediator\Mediator.csproj", "{B54E91A8-BF23-4EE0-AC24-5C1A93C51818}"
EndProject
Project("{FAE04EC0-301F-11D3-BF4B-00C04F79EFBC}") = "Flyweight", "Flyweight\Flyweight.csproj", "{D7B5C079-D11F-4FF0-8BA7-64797E5A8583}"
EndProject
Project("{FAE04EC0-301F-11D3-BF4B-00C04F79EFBC}") = "Interpreter", "Interpreter\Interpreter.csproj", "{B0825B0E-32C2-4EB9-B930-8C9257ACF3C5}"
EndProject
Project("{FAE04EC0-301F-11D3-BF4B-00C04F79EFBC}") = "Visitor", "Visitor\Visitor.csproj", "{773BD518-89BD-490B-AEEC-94ADDA6DF598}"
EndProject
Global
	GlobalSection(SolutionConfigurationPlatforms) = preSolution
		Debug|Any CPU = Debug|Any CPU
		Release|Any CPU = Release|Any CPU
	EndGlobalSection
	GlobalSection(ProjectConfigurationPlatforms) = postSolution
		{8FC5C7C7-A416-47B8-8B1F-996B697D4383}.Debug|Any CPU.ActiveCfg = Debug|Any CPU
		{8FC5C7C7-A416-47B8-8B1F-996B697D4383}.Debug|Any CPU.Build.0 = Debug|Any CPU
		{8FC5C7C7-A416-47B8-8B1F-996B697D4383}.Release|Any CPU.ActiveCfg = Release|Any CPU
		{8FC5C7C7-A416-47B8-8B1F-996B697D4383}.Release|Any CPU.Build.0 = Release|Any CPU
		{64F2C5D5-B2F4-41CB-8CB1-36120A995545}.Debug|Any CPU.ActiveCfg = Debug|Any CPU
		{64F2C5D5-B2F4-41CB-8CB1-36120A995545}.Debug|Any CPU.Build.0 = Debug|Any CPU
		{64F2C5D5-B2F4-41CB-8CB1-36120A995545}.Release|Any CPU.ActiveCfg = Release|Any CPU
		{64F2C5D5-B2F4-41CB-8CB1-36120A995545}.Release|Any CPU.Build.0 = Release|Any CPU
		{508A79F6-7563-45A9-A4BC-D0B804AF2006}.Debug|Any CPU.ActiveCfg = Debug|Any CPU
		{508A79F6-7563-45A9-A4BC-D0B804AF2006}.Debug|Any CPU.Build.0 = Debug|Any CPU
		{508A79F6-7563-45A9-A4BC-D0B804AF2006}.Release|Any CPU.ActiveCfg = Release|Any CPU
		{508A79F6-7563-45A9-A4BC-D0B804AF2006}.Release|Any CPU.Build.0 = Release|Any CPU
		{51E8D47D-23FC-48E6-8D91-797F6C4E179B}.Debug|Any CPU.ActiveCfg = Debug|Any CPU
		{51E8D47D-23FC-48E6-8D91-797F6C4E179B}.Debug|Any CPU.Build.0 = Debug|Any CPU
		{51E8D47D-23FC-48E6-8D91-797F6C4E179B}.Release|Any CPU.ActiveCfg = Release|Any CPU
		{51E8D47D-23FC-48E6-8D91-797F6C4E179B}.Release|Any CPU.Build.0 = Release|Any CPU
		{3CB21C86-3F82-4DEF-88AD-905A884637AB}.Debug|Any CPU.ActiveCfg = Debug|Any CPU
		{3CB21C86-3F82-4DEF-88AD-905A884637AB}.Debug|Any CPU.Build.0 = Debug|Any CPU
		{3CB21C86-3F82-4DEF-88AD-905A884637AB}.Release|Any CPU.ActiveCfg = Release|Any CPU
		{3CB21C86-3F82-4DEF-88AD-905A884637AB}.Release|Any CPU.Build.0 = Release|Any CPU
		{E632E5B0-1537-4A32-971B-C11AC700BB80}.Debug|Any CPU.ActiveCfg = Debug|Any CPU
		{E632E5B0-1537-4A32-971B-C11AC700BB80}.Debug|Any CPU.Build.0 = Debug|Any CPU
		{E632E5B0-1537-4A32-971B-C11AC700BB80}.Release|Any CPU.ActiveCfg = Release|Any CPU
		{E632E5B0-1537-4A32-971B-C11AC700BB80}.Release|Any CPU.Build.0 = Release|Any CPU
		{16018D07-830B-498C-B6E0-88732CAC41DA}.Debug|Any CPU.ActiveCfg = Debug|Any CPU
		{16018D07-830B-498C-B6E0-88732CAC41DA}.Debug|Any CPU.Build.0 = Debug|Any CPU
		{16018D07-830B-498C-B6E0-88732CAC41DA}.Release|Any CPU.ActiveCfg = Release|Any CPU
		{16018D07-830B-498C-B6E0-88732CAC41DA}.Release|Any CPU.Build.0 = Release|Any CPU
		{04218AAA-A42C-4A67-AB3A-3DE06AD61FE9}.Debug|Any CPU.ActiveCfg = Debug|Any CPU
		{04218AAA-A42C-4A67-AB3A-3DE06AD61FE9}.Debug|Any CPU.Build.0 = Debug|Any CPU
		{04218AAA-A42C-4A67-AB3A-3DE06AD61FE9}.Release|Any CPU.ActiveCfg = Release|Any CPU
		{04218AAA-A42C-4A67-AB3A-3DE06AD61FE9}.Release|Any CPU.Build.0 = Release|Any CPU
		{C985C6A1-10DE-4787-AA24-E95FAD46C024}.Debug|Any CPU.ActiveCfg = Debug|Any CPU
		{C985C6A1-10DE-4787-AA24-E95FAD46C024}.Debug|Any CPU.Build.0 = Debug|Any CPU
		{C985C6A1-10DE-4787-AA24-E95FAD46C024}.Release|Any CPU.ActiveCfg = Release|Any CPU
		{C985C6A1-10DE-4787-AA24-E95FAD46C024}.Release|Any CPU.Build.0 = Release|Any CPU
		{FB3F601C-8A67-4651-96C1-627379497207}.Debug|Any CPU.ActiveCfg = Debug|Any CPU
		{FB3F601C-8A67-4651-96C1-627379497207}.Debug|Any CPU.Build.0 = Debug|Any CPU
		{FB3F601C-8A67-4651-96C1-627379497207}.Release|Any CPU.ActiveCfg = Release|Any CPU
		{FB3F601C-8A67-4651-96C1-627379497207}.Release|Any CPU.Build.0 = Release|Any CPU
		{8A57037F-C2D9-4534-AF2E-9A44A3C62260}.Debug|Any CPU.ActiveCfg = Debug|Any CPU
		{8A57037F-C2D9-4534-AF2E-9A44A3C62260}.Debug|Any CPU.Build.0 = Debug|Any CPU
		{8A57037F-C2D9-4534-AF2E-9A44A3C62260}.Release|Any CPU.ActiveCfg = Release|Any CPU
		{8A57037F-C2D9-4534-AF2E-9A44A3C62260}.Release|Any CPU.Build.0 = Release|Any CPU
		{CA9170AF-A3A9-4868-B2A4-91DDE1DDEB6A}.Debug|Any CPU.ActiveCfg = Debug|Any CPU
		{CA9170AF-A3A9-4868-B2A4-91DDE1DDEB6A}.Debug|Any CPU.Build.0 = Debug|Any CPU
		{CA9170AF-A3A9-4868-B2A4-91DDE1DDEB6A}.Release|Any CPU.ActiveCfg = Release|Any CPU
		{CA9170AF-A3A9-4868-B2A4-91DDE1DDEB6A}.Release|Any CPU.Build.0 = Release|Any CPU
		{D09A2885-C5E7-4773-92CF-F621BB3A8445}.Debug|Any CPU.ActiveCfg = Debug|Any CPU
		{D09A2885-C5E7-4773-92CF-F621BB3A8445}.Debug|Any CPU.Build.0 = Debug|Any CPU
		{D09A2885-C5E7-4773-92CF-F621BB3A8445}.Release|Any CPU.ActiveCfg = Release|Any CPU
		{D09A2885-C5E7-4773-92CF-F621BB3A8445}.Release|Any CPU.Build.0 = Release|Any CPU
		{FE26C2B2-5B89-485E-830B-5EF276D346B3}.Debug|Any CPU.ActiveCfg = Debug|Any CPU
		{FE26C2B2-5B89-485E-830B-5EF276D346B3}.Debug|Any CPU.Build.0 = Debug|Any CPU
		{FE26C2B2-5B89-485E-830B-5EF276D346B3}.Release|Any CPU.ActiveCfg = Release|Any CPU
		{FE26C2B2-5B89-485E-830B-5EF276D346B3}.Release|Any CPU.Build.0 = Release|Any CPU
		{CD13B153-29AA-4870-BCF0-2E1B27A5CF1B}.Debug|Any CPU.ActiveCfg = Debug|Any CPU
		{CD13B153-29AA-4870-BCF0-2E1B27A5CF1B}.Debug|Any CPU.Build.0 = Debug|Any CPU
		{CD13B153-29AA-4870-BCF0-2E1B27A5CF1B}.Release|Any CPU.ActiveCfg = Release|Any CPU
		{CD13B153-29AA-4870-BCF0-2E1B27A5CF1B}.Release|Any CPU.Build.0 = Release|Any CPU
		{5BC3C9E2-3CDD-49E9-A948-245660CE675E}.Debug|Any CPU.ActiveCfg = Debug|Any CPU
		{5BC3C9E2-3CDD-49E9-A948-245660CE675E}.Debug|Any CPU.Build.0 = Debug|Any CPU
		{5BC3C9E2-3CDD-49E9-A948-245660CE675E}.Release|Any CPU.ActiveCfg = Release|Any CPU
		{5BC3C9E2-3CDD-49E9-A948-245660CE675E}.Release|Any CPU.Build.0 = Release|Any CPU
		{58900B8F-ED35-4BC5-A469-130DFF896DE4}.Debug|Any CPU.ActiveCfg = Debug|Any CPU
		{58900B8F-ED35-4BC5-A469-130DFF896DE4}.Debug|Any CPU.Build.0 = Debug|Any CPU
		{58900B8F-ED35-4BC5-A469-130DFF896DE4}.Release|Any CPU.ActiveCfg = Release|Any CPU
		{58900B8F-ED35-4BC5-A469-130DFF896DE4}.Release|Any CPU.Build.0 = Release|Any CPU
		{0AA837FE-7B42-4EBE-A248-607D6950E0C9}.Debug|Any CPU.ActiveCfg = Debug|Any CPU
		{0AA837FE-7B42-4EBE-A248-607D6950E0C9}.Debug|Any CPU.Build.0 = Debug|Any CPU
		{0AA837FE-7B42-4EBE-A248-607D6950E0C9}.Release|Any CPU.ActiveCfg = Release|Any CPU
		{0AA837FE-7B42-4EBE-A248-607D6950E0C9}.Release|Any CPU.Build.0 = Release|Any CPU
		{DAE07CCB-22E8-4B8E-944A-CA9D53100A1A}.Debug|Any CPU.ActiveCfg = Debug|Any CPU
		{DAE07CCB-22E8-4B8E-944A-CA9D53100A1A}.Debug|Any CPU.Build.0 = Debug|Any CPU
		{DAE07CCB-22E8-4B8E-944A-CA9D53100A1A}.Release|Any CPU.ActiveCfg = Release|Any CPU
		{DAE07CCB-22E8-4B8E-944A-CA9D53100A1A}.Release|Any CPU.Build.0 = Release|Any CPU
		{65DEFA12-8200-4397-B728-24E035AED848}.Debug|Any CPU.ActiveCfg = Debug|Any CPU
		{65DEFA12-8200-4397-B728-24E035AED848}.Debug|Any CPU.Build.0 = Debug|Any CPU
		{65DEFA12-8200-4397-B728-24E035AED848}.Release|Any CPU.ActiveCfg = Release|Any CPU
		{65DEFA12-8200-4397-B728-24E035AED848}.Release|Any CPU.Build.0 = Release|Any CPU
		{B05010BD-1BEE-46BE-91FB-8E5D140C4B31}.Debug|Any CPU.ActiveCfg = Debug|Any CPU
		{B05010BD-1BEE-46BE-91FB-8E5D140C4B31}.Debug|Any CPU.Build.0 = Debug|Any CPU
		{B05010BD-1BEE-46BE-91FB-8E5D140C4B31}.Release|Any CPU.ActiveCfg = Release|Any CPU
		{B05010BD-1BEE-46BE-91FB-8E5D140C4B31}.Release|Any CPU.Build.0 = Release|Any CPU
		{B54E91A8-BF23-4EE0-AC24-5C1A93C51818}.Debug|Any CPU.ActiveCfg = Debug|Any CPU
		{B54E91A8-BF23-4EE0-AC24-5C1A93C51818}.Debug|Any CPU.Build.0 = Debug|Any CPU
		{B54E91A8-BF23-4EE0-AC24-5C1A93C51818}.Release|Any CPU.ActiveCfg = Release|Any CPU
		{B54E91A8-BF23-4EE0-AC24-5C1A93C51818}.Release|Any CPU.Build.0 = Release|Any CPU
		{D7B5C079-D11F-4FF0-8BA7-64797E5A8583}.Debug|Any CPU.ActiveCfg = Debug|Any CPU
		{D7B5C079-D11F-4FF0-8BA7-64797E5A8583}.Debug|Any CPU.Build.0 = Debug|Any CPU
		{D7B5C079-D11F-4FF0-8BA7-64797E5A8583}.Release|Any CPU.ActiveCfg = Release|Any CPU
		{D7B5C079-D11F-4FF0-8BA7-64797E5A8583}.Release|Any CPU.Build.0 = Release|Any CPU
		{B0825B0E-32C2-4EB9-B930-8C9257ACF3C5}.Debug|Any CPU.ActiveCfg = Debug|Any CPU
		{B0825B0E-32C2-4EB9-B930-8C9257ACF3C5}.Debug|Any CPU.Build.0 = Debug|Any CPU
		{B0825B0E-32C2-4EB9-B930-8C9257ACF3C5}.Release|Any CPU.ActiveCfg = Release|Any CPU
		{B0825B0E-32C2-4EB9-B930-8C9257ACF3C5}.Release|Any CPU.Build.0 = Release|Any CPU
		{773BD518-89BD-490B-AEEC-94ADDA6DF598}.Debug|Any CPU.ActiveCfg = Debug|Any CPU
		{773BD518-89BD-490B-AEEC-94ADDA6DF598}.Debug|Any CPU.Build.0 = Debug|Any CPU
		{773BD518-89BD-490B-AEEC-94ADDA6DF598}.Release|Any CPU.ActiveCfg = Release|Any CPU
		{773BD518-89BD-490B-AEEC-94ADDA6DF598}.Release|Any CPU.Build.0 = Release|Any CPU
	EndGlobalSection
	GlobalSection(SolutionProperties) = preSolution
		HideSolutionNode = FALSE
	EndGlobalSection
	GlobalSection(NestedProjects) = preSolution
		{8FC5C7C7-A416-47B8-8B1F-996B697D4383} = {C6C18650-7EA2-4BF5-9E77-DE6A113AC02B}
		{64F2C5D5-B2F4-41CB-8CB1-36120A995545} = {A4CF56D8-77B6-4849-B24E-B30D7EDA9A17}
		{508A79F6-7563-45A9-A4BC-D0B804AF2006} = {1ECE7B9C-60E4-48DA-8CFC-7B06289BFC17}
		{51E8D47D-23FC-48E6-8D91-797F6C4E179B} = {2DB7750D-FC4B-45FA-A97D-9D6D5E2CC0CA}
		{3CB21C86-3F82-4DEF-88AD-905A884637AB} = {4156482B-3D1A-4ADB-9C57-8BF6193E34D2}
		{E632E5B0-1537-4A32-971B-C11AC700BB80} = {81C18DF1-37CB-4793-BB9D-5DBE8D5CC9A9}
		{16018D07-830B-498C-B6E0-88732CAC41DA} = {B73C3698-BD13-4F17-AC73-0B619B111D5E}
		{04218AAA-A42C-4A67-AB3A-3DE06AD61FE9} = {118DAC48-7673-420C-913A-2375D99CC35A}
		{C985C6A1-10DE-4787-AA24-E95FAD46C024} = {DBF8B5FA-06B8-4F37-8C0F-0427DE0A5A09}
		{FB3F601C-8A67-4651-96C1-627379497207} = {5C056733-CDDF-40EF-8E5B-7FCE51256AF1}
		{8A57037F-C2D9-4534-AF2E-9A44A3C62260} = {042AFB58-AD67-409D-AD0B-BB61B77F2402}
		{CA9170AF-A3A9-4868-B2A4-91DDE1DDEB6A} = {301DCFDC-36B4-4E8B-8714-BC8C4E61BA13}
		{D09A2885-C5E7-4773-92CF-F621BB3A8445} = {3504079B-0055-42DC-A478-AD8DBB13105F}
		{FE26C2B2-5B89-485E-830B-5EF276D346B3} = {66AD7083-0F1A-4397-9AAB-A6173D8850E8}
		{CD13B153-29AA-4870-BCF0-2E1B27A5CF1B} = {C1EBB7CA-2E0C-4F94-89E9-A5D04C81E06F}
		{5BC3C9E2-3CDD-49E9-A948-245660CE675E} = {2DB8EA4A-80C1-42EA-8EC9-BFB3F111FE84}
		{58900B8F-ED35-4BC5-A469-130DFF896DE4} = {6F50F852-8025-4B23-A521-6454C6C2F49A}
		{0AA837FE-7B42-4EBE-A248-607D6950E0C9} = {6941313C-AAB0-4561-B2BD-E4418215AEB2}
		{DAE07CCB-22E8-4B8E-944A-CA9D53100A1A} = {9BADC201-5B37-44AB-8390-413C38520F95}
		{65DEFA12-8200-4397-B728-24E035AED848} = {8976903B-7292-4E5D-861A-5EC17FD9752A}
		{B05010BD-1BEE-46BE-91FB-8E5D140C4B31} = {DCD6228A-ADC9-4990-A40B-B8D347D4B3D8}
		{B54E91A8-BF23-4EE0-AC24-5C1A93C51818} = {D5520124-4F63-42BE-8D4D-1EB1400D9B4E}
		{D7B5C079-D11F-4FF0-8BA7-64797E5A8583} = {7BB6255E-060B-4B49-828D-2E8CB10DA78B}
		{B0825B0E-32C2-4EB9-B930-8C9257ACF3C5} = {97CEB78D-7AD7-4D23-B702-66FC6F61E40E}
		{773BD518-89BD-490B-AEEC-94ADDA6DF598} = {E4B6E39B-C5E7-4CCE-B8DB-EF9B28D2C2D9}
	EndGlobalSection
EndGlobal
