
Microsoft Visual Studio Solution File, Format Version 12.00
# Visual Studio 2013
VisualStudioVersion = 12.0.40629.0
MinimumVisualStudioVersion = 10.0.40219.1
Project("{2150E333-8FDC-42A3-9474-1A3956D46DE8}") = "简单工厂模式", "简单工厂模式", "{C6C18650-7EA2-4BF5-9E77-DE6A113AC02B}"
EndProject
Project("{FAE04EC0-301F-11D3-BF4B-00C04F79EFBC}") = "SimpleFactory", "SimpleFactory\SimpleFactory.csproj", "{8FC5C7C7-A416-47B8-8B1F-996B697D4383}"
EndProject
Project("{2150E333-8FDC-42A3-9474-1A3956D46DE8}") = "策略模式", "策略模式", "{A4CF56D8-77B6-4849-B24E-B30D7EDA9A17}"
EndProject
Project("{FAE04EC0-301F-11D3-BF4B-00C04F79EFBC}") = "Strategy", "Strategy\Strategy.csproj", "{64F2C5D5-B2F4-41CB-8CB1-36120A995545}"
EndProject
Project("{2150E333-8FDC-42A3-9474-1A3956D46DE8}") = "原则", "原则", "{56DBDE5A-B72D-41BF-A87A-18DAB36922CF}"
	ProjectSection(SolutionItems) = preProject
		Principle.txt = Principle.txt
	EndProjectSection
EndProject
Project("{2150E333-8FDC-42A3-9474-1A3956D46DE8}") = "装饰模式", "装饰模式", "{1ECE7B9C-60E4-48DA-8CFC-7B06289BFC17}"
EndProject
Project("{FAE04EC0-301F-11D3-BF4B-00C04F79EFBC}") = "Decorator", "Decorator\Decorator.csproj", "{508A79F6-7563-45A9-A4BC-D0B804AF2006}"
EndProject
Project("{2150E333-8FDC-42A3-9474-1A3956D46DE8}") = "UML类图", "UML类图", "{2DB7750D-FC4B-45FA-A97D-9D6D5E2CC0CA}"
EndProject
Project("{F088123C-0E9E-452A-89E6-6BA2F21D5CAC}") = "DesignModel", "DesignModel\DesignModel.modelproj", "{51E8D47D-23FC-48E6-8D91-797F6C4E179B}"
EndProject
Project("{2150E333-8FDC-42A3-9474-1A3956D46DE8}") = "代理模式", "代理模式", "{4156482B-3D1A-4ADB-9C57-8BF6193E34D2}"
EndProject
Project("{FAE04EC0-301F-11D3-BF4B-00C04F79EFBC}") = "Proxy", "Proxy\Proxy.csproj", "{3CB21C86-3F82-4DEF-88AD-905A884637AB}"
EndProject
Project("{2150E333-8FDC-42A3-9474-1A3956D46DE8}") = "工厂模式", "工厂模式", "{81C18DF1-37CB-4793-BB9D-5DBE8D5CC9A9}"
EndProject
Project("{FAE04EC0-301F-11D3-BF4B-00C04F79EFBC}") = "Factory", "Factory\Factory.csproj", "{E632E5B0-1537-4A32-971B-C11AC700BB80}"
EndProject
Project("{2150E333-8FDC-42A3-9474-1A3956D46DE8}") = "主程序", "主程序", "{F6D74FB9-373E-4540-91CC-98500457CC3C}"
EndProject
Project("{2150E333-8FDC-42A3-9474-1A3956D46DE8}") = "原型模式", "原型模式", "{B73C3698-BD13-4F17-AC73-0B619B111D5E}"
EndProject
Project("{FAE04EC0-301F-11D3-BF4B-00C04F79EFBC}") = "Prototype", "Prototype\Prototype.csproj", "{16018D07-830B-498C-B6E0-88732CAC41DA}"
EndProject
Project("{2150E333-8FDC-42A3-9474-1A3956D46DE8}") = "模板方法模式", "模板方法模式", "{118DAC48-7673-420C-913A-2375D99CC35A}"
EndProject
Project("{FAE04EC0-301F-11D3-BF4B-00C04F79EFBC}") = "TemplateMethod", "TemplateMethod\TemplateMethod.csproj", "{04218AAA-A42C-4A67-AB3A-3DE06AD61FE9}"
EndProject
Project("{2150E333-8FDC-42A3-9474-1A3956D46DE8}") = "外观模式", "外观模式", "{DBF8B5FA-06B8-4F37-8C0F-0427DE0A5A09}"
EndProject
Project("{FAE04EC0-301F-11D3-BF4B-00C04F79EFBC}") = "Facade", "Facade\Facade.csproj", "{C985C6A1-10DE-4787-AA24-E95FAD46C024}"
EndProject
Project("{2150E333-8FDC-42A3-9474-1A3956D46DE8}") = "建造者模式", "建造者模式", "{5C056733-CDDF-40EF-8E5B-7FCE51256AF1}"
EndProject
Project("{FAE04EC0-301F-11D3-BF4B-00C04F79EFBC}") = "Builder", "Builder\Builder.csproj", "{FB3F601C-8A67-4651-96C1-627379497207}"
EndProject
Project("{2150E333-8FDC-42A3-9474-1A3956D46DE8}") = "观察者模式", "观察者模式", "{042AFB58-AD67-409D-AD0B-BB61B77F2402}"
EndProject
Project("{FAE04EC0-301F-11D3-BF4B-00C04F79EFBC}") = "Observer", "Observer\Observer.csproj", "{8A57037F-C2D9-4534-AF2E-9A44A3C62260}"
EndProject
Global
	GlobalSection(SolutionConfigurationPlatforms) = preSolution
		Debug|Any CPU = Debug|Any CPU
		Release|Any CPU = Release|Any CPU
	EndGlobalSection
	GlobalSection(ProjectConfigurationPlatforms) = postSolution
		{8FC5C7C7-A416-47B8-8B1F-996B697D4383}.Debug|Any CPU.ActiveCfg = Debug|Any CPU
		{8FC5C7C7-A416-47B8-8B1F-996B697D4383}.Debug|Any CPU.Build.0 = Debug|Any CPU
		{8FC5C7C7-A416-47B8-8B1F-996B697D4383}.Release|Any CPU.ActiveCfg = Release|Any CPU
		{8FC5C7C7-A416-47B8-8B1F-996B697D4383}.Release|Any CPU.Build.0 = Release|Any CPU
		{64F2C5D5-B2F4-41CB-8CB1-36120A995545}.Debug|Any CPU.ActiveCfg = Debug|Any CPU
		{64F2C5D5-B2F4-41CB-8CB1-36120A995545}.Debug|Any CPU.Build.0 = Debug|Any CPU
		{64F2C5D5-B2F4-41CB-8CB1-36120A995545}.Release|Any CPU.ActiveCfg = Release|Any CPU
		{64F2C5D5-B2F4-41CB-8CB1-36120A995545}.Release|Any CPU.Build.0 = Release|Any CPU
		{508A79F6-7563-45A9-A4BC-D0B804AF2006}.Debug|Any CPU.ActiveCfg = Debug|Any CPU
		{508A79F6-7563-45A9-A4BC-D0B804AF2006}.Debug|Any CPU.Build.0 = Debug|Any CPU
		{508A79F6-7563-45A9-A4BC-D0B804AF2006}.Release|Any CPU.ActiveCfg = Release|Any CPU
		{508A79F6-7563-45A9-A4BC-D0B804AF2006}.Release|Any CPU.Build.0 = Release|Any CPU
		{51E8D47D-23FC-48E6-8D91-797F6C4E179B}.Debug|Any CPU.ActiveCfg = Debug|Any CPU
		{51E8D47D-23FC-48E6-8D91-797F6C4E179B}.Debug|Any CPU.Build.0 = Debug|Any CPU
		{51E8D47D-23FC-48E6-8D91-797F6C4E179B}.Release|Any CPU.ActiveCfg = Release|Any CPU
		{51E8D47D-23FC-48E6-8D91-797F6C4E179B}.Release|Any CPU.Build.0 = Release|Any CPU
		{3CB21C86-3F82-4DEF-88AD-905A884637AB}.Debug|Any CPU.ActiveCfg = Debug|Any CPU
		{3CB21C86-3F82-4DEF-88AD-905A884637AB}.Debug|Any CPU.Build.0 = Debug|Any CPU
		{3CB21C86-3F82-4DEF-88AD-905A884637AB}.Release|Any CPU.ActiveCfg = Release|Any CPU
		{3CB21C86-3F82-4DEF-88AD-905A884637AB}.Release|Any CPU.Build.0 = Release|Any CPU
		{E632E5B0-1537-4A32-971B-C11AC700BB80}.Debug|Any CPU.ActiveCfg = Debug|Any CPU
		{E632E5B0-1537-4A32-971B-C11AC700BB80}.Debug|Any CPU.Build.0 = Debug|Any CPU
		{E632E5B0-1537-4A32-971B-C11AC700BB80}.Release|Any CPU.ActiveCfg = Release|Any CPU
		{E632E5B0-1537-4A32-971B-C11AC700BB80}.Release|Any CPU.Build.0 = Release|Any CPU
		{16018D07-830B-498C-B6E0-88732CAC41DA}.Debug|Any CPU.ActiveCfg = Debug|Any CPU
		{16018D07-830B-498C-B6E0-88732CAC41DA}.Debug|Any CPU.Build.0 = Debug|Any CPU
		{16018D07-830B-498C-B6E0-88732CAC41DA}.Release|Any CPU.ActiveCfg = Release|Any CPU
		{16018D07-830B-498C-B6E0-88732CAC41DA}.Release|Any CPU.Build.0 = Release|Any CPU
		{04218AAA-A42C-4A67-AB3A-3DE06AD61FE9}.Debug|Any CPU.ActiveCfg = Debug|Any CPU
		{04218AAA-A42C-4A67-AB3A-3DE06AD61FE9}.Debug|Any CPU.Build.0 = Debug|Any CPU
		{04218AAA-A42C-4A67-AB3A-3DE06AD61FE9}.Release|Any CPU.ActiveCfg = Release|Any CPU
		{04218AAA-A42C-4A67-AB3A-3DE06AD61FE9}.Release|Any CPU.Build.0 = Release|Any CPU
		{C985C6A1-10DE-4787-AA24-E95FAD46C024}.Debug|Any CPU.ActiveCfg = Debug|Any CPU
		{C985C6A1-10DE-4787-AA24-E95FAD46C024}.Debug|Any CPU.Build.0 = Debug|Any CPU
		{C985C6A1-10DE-4787-AA24-E95FAD46C024}.Release|Any CPU.ActiveCfg = Release|Any CPU
		{C985C6A1-10DE-4787-AA24-E95FAD46C024}.Release|Any CPU.Build.0 = Release|Any CPU
		{FB3F601C-8A67-4651-96C1-627379497207}.Debug|Any CPU.ActiveCfg = Debug|Any CPU
		{FB3F601C-8A67-4651-96C1-627379497207}.Debug|Any CPU.Build.0 = Debug|Any CPU
		{FB3F601C-8A67-4651-96C1-627379497207}.Release|Any CPU.ActiveCfg = Release|Any CPU
		{FB3F601C-8A67-4651-96C1-627379497207}.Release|Any CPU.Build.0 = Release|Any CPU
		{8A57037F-C2D9-4534-AF2E-9A44A3C62260}.Debug|Any CPU.ActiveCfg = Debug|Any CPU
		{8A57037F-C2D9-4534-AF2E-9A44A3C62260}.Debug|Any CPU.Build.0 = Debug|Any CPU
		{8A57037F-C2D9-4534-AF2E-9A44A3C62260}.Release|Any CPU.ActiveCfg = Release|Any CPU
		{8A57037F-C2D9-4534-AF2E-9A44A3C62260}.Release|Any CPU.Build.0 = Release|Any CPU
	EndGlobalSection
	GlobalSection(SolutionProperties) = preSolution
		HideSolutionNode = FALSE
	EndGlobalSection
	GlobalSection(NestedProjects) = preSolution
		{8FC5C7C7-A416-47B8-8B1F-996B697D4383} = {C6C18650-7EA2-4BF5-9E77-DE6A113AC02B}
		{64F2C5D5-B2F4-41CB-8CB1-36120A995545} = {A4CF56D8-77B6-4849-B24E-B30D7EDA9A17}
		{508A79F6-7563-45A9-A4BC-D0B804AF2006} = {1ECE7B9C-60E4-48DA-8CFC-7B06289BFC17}
		{51E8D47D-23FC-48E6-8D91-797F6C4E179B} = {2DB7750D-FC4B-45FA-A97D-9D6D5E2CC0CA}
		{3CB21C86-3F82-4DEF-88AD-905A884637AB} = {4156482B-3D1A-4ADB-9C57-8BF6193E34D2}
		{E632E5B0-1537-4A32-971B-C11AC700BB80} = {81C18DF1-37CB-4793-BB9D-5DBE8D5CC9A9}
		{16018D07-830B-498C-B6E0-88732CAC41DA} = {B73C3698-BD13-4F17-AC73-0B619B111D5E}
		{04218AAA-A42C-4A67-AB3A-3DE06AD61FE9} = {118DAC48-7673-420C-913A-2375D99CC35A}
		{C985C6A1-10DE-4787-AA24-E95FAD46C024} = {DBF8B5FA-06B8-4F37-8C0F-0427DE0A5A09}
		{FB3F601C-8A67-4651-96C1-627379497207} = {5C056733-CDDF-40EF-8E5B-7FCE51256AF1}
		{8A57037F-C2D9-4534-AF2E-9A44A3C62260} = {042AFB58-AD67-409D-AD0B-BB61B77F2402}
	EndGlobalSection
EndGlobal
